
Microsoft Visual Studio Solution File, Format Version 12.00
# Visual Studio 15
VisualStudioVersion = 15.0.28307.1831
MinimumVisualStudioVersion = 10.0.40219.1
Project("{FAE04EC0-301F-11D3-BF4B-00C04F79EFBC}") = "FormCadastroWeb", "FormCadastroWeb\FormCadastroWeb.csproj", "{199168CC-4119-4BE6-A86F-5DF30F5ABDF1}"
EndProject
Global
	GlobalSection(SolutionConfigurationPlatforms) = preSolution
		Debug|Any CPU = Debug|Any CPU
		Release|Any CPU = Release|Any CPU
	EndGlobalSection
	GlobalSection(ProjectConfigurationPlatforms) = postSolution
		{199168CC-4119-4BE6-A86F-5DF30F5ABDF1}.Debug|Any CPU.ActiveCfg = Debug|Any CPU
		{199168CC-4119-4BE6-A86F-5DF30F5ABDF1}.Debug|Any CPU.Build.0 = Debug|Any CPU
		{199168CC-4119-4BE6-A86F-5DF30F5ABDF1}.Release|Any CPU.ActiveCfg = Release|Any CPU
		{199168CC-4119-4BE6-A86F-5DF30F5ABDF1}.Release|Any CPU.Build.0 = Release|Any CPU
	EndGlobalSection
	GlobalSection(SolutionProperties) = preSolution
		HideSolutionNode = FALSE
	EndGlobalSection
	GlobalSection(ExtensibilityGlobals) = postSolution
		SolutionGuid = {183C41F8-5713-4D78-840C-88DFD9F1D0AE}
	EndGlobalSection
EndGlobal
